// !$*UTF8*$!
{
	archiveVersion = 1;
	classes = {
	};
	objectVersion = 46;
	objects = {

/* Begin PBXBuildFile section */
		F2912E541CEAA9A700CC9125 /* AppDelegate.swift in Sources */ = {isa = PBXBuildFile; fileRef = F2912E531CEAA9A700CC9125 /* AppDelegate.swift */; };
		F2912E561CEAA9A700CC9125 /* ViewController.swift in Sources */ = {isa = PBXBuildFile; fileRef = F2912E551CEAA9A700CC9125 /* ViewController.swift */; };
		F2912E591CEAA9A700CC9125 /* Main.storyboard in Resources */ = {isa = PBXBuildFile; fileRef = F2912E571CEAA9A700CC9125 /* Main.storyboard */; };
		F2912E5B1CEAA9A700CC9125 /* Assets.xcassets in Resources */ = {isa = PBXBuildFile; fileRef = F2912E5A1CEAA9A700CC9125 /* Assets.xcassets */; };
		F2912E5E1CEAA9A700CC9125 /* LaunchScreen.storyboard in Resources */ = {isa = PBXBuildFile; fileRef = F2912E5C1CEAA9A700CC9125 /* LaunchScreen.storyboard */; };
/* End PBXBuildFile section */

/* Begin PBXFileReference section */
		F2912E501CEAA9A700CC9125 /* Scrollview.app */ = {isa = PBXFileReference; explicitFileType = wrapper.application; includeInIndex = 0; path = Scrollview.app; sourceTree = BUILT_PRODUCTS_DIR; };
		F2912E531CEAA9A700CC9125 /* AppDelegate.swift */ = {isa = PBXFileReference; lastKnownFileType = sourcecode.swift; path = AppDelegate.swift; sourceTree = "<group>"; };
		F2912E551CEAA9A700CC9125 /* ViewController.swift */ = {isa = PBXFileReference; lastKnownFileType = sourcecode.swift; path = ViewController.swift; sourceTree = "<group>"; };
		F2912E581CEAA9A700CC9125 /* Base */ = {isa = PBXFileReference; lastKnownFileType = file.storyboard; name = Base; path = Base.lproj/Main.storyboard; sourceTree = "<group>"; };
		F2912E5A1CEAA9A700CC9125 /* Assets.xcassets */ = {isa = PBXFileReference; lastKnownFileType = folder.assetcatalog; path = Assets.xcassets; sourceTree = "<group>"; };
		F2912E5D1CEAA9A700CC9125 /* Base */ = {isa = PBXFileReference; lastKnownFileType = file.storyboard; name = Base; path = Base.lproj/LaunchScreen.storyboard; sourceTree = "<group>"; };
		F2912E5F1CEAA9A700CC9125 /* Info.plist */ = {isa = PBXFileReference; lastKnownFileType = text.plist.xml; path = Info.plist; sourceTree = "<group>"; };
/* End PBXFileReference section */

/* Begin PBXFrameworksBuildPhase section */
		F2912E4D1CEAA9A700CC9125 /* Frameworks */ = {
			isa = PBXFrameworksBuildPhase;
			buildActionMask = 2147483647;
			files = (
			);
			runOnlyForDeploymentPostprocessing = 0;
		};
/* End PBXFrameworksBuildPhase section */

/* Begin PBXGroup section */
		F2912E471CEAA9A700CC9125 = {
			isa = PBXGroup;
			children = (
				F2912E521CEAA9A700CC9125 /* Scrollview */,
				F2912E511CEAA9A700CC9125 /* Products */,
			);
			sourceTree = "<group>";
		};
		F2912E511CEAA9A700CC9125 /* Products */ = {
			isa = PBXGroup;
			children = (
				F2912E501CEAA9A700CC9125 /* Scrollview.app */,
			);
			name = Products;
			sourceTree = "<group>";
		};
		F2912E521CEAA9A700CC9125 /* Scrollview */ = {
			isa = PBXGroup;
			children = (
				F2912E531CEAA9A700CC9125 /* AppDelegate.swift */,
				F2912E551CEAA9A700CC9125 /* ViewController.swift */,
				F2912E571CEAA9A700CC9125 /* Main.storyboard */,
				F2912E5A1CEAA9A700CC9125 /* Assets.xcassets */,
				F2912E5C1CEAA9A700CC9125 /* LaunchScreen.storyboard */,
				F2912E5F1CEAA9A700CC9125 /* Info.plist */,
			);
			path = Scrollview;
			sourceTree = "<group>";
		};
/* End PBXGroup section */

/* Begin PBXNativeTarget section */
		F2912E4F1CEAA9A700CC9125 /* Scrollview */ = {
			isa = PBXNativeTarget;
			buildConfigurationList = F2912E621CEAA9A700CC9125 /* Build configuration list for PBXNativeTarget "Scrollview" */;
			buildPhases = (
				F2912E4C1CEAA9A700CC9125 /* Sources */,
				F2912E4D1CEAA9A700CC9125 /* Frameworks */,
				F2912E4E1CEAA9A700CC9125 /* Resources */,
			);
			buildRules = (
			);
			dependencies = (
			);
			name = Scrollview;
			productName = Scrollview;
			productReference = F2912E501CEAA9A700CC9125 /* Scrollview.app */;
			productType = "com.apple.product-type.application";
		};
/* End PBXNativeTarget section */

/* Begin PBXProject section */
		F2912E481CEAA9A700CC9125 /* Project object */ = {
			isa = PBXProject;
			attributes = {
				LastSwiftUpdateCheck = 0730;
				LastUpgradeCheck = 0730;
				ORGANIZATIONNAME = "Nana Kumi";
				TargetAttributes = {
					F2912E4F1CEAA9A700CC9125 = {
						CreatedOnToolsVersion = 7.3.1;
					};
				};
			};
			buildConfigurationList = F2912E4B1CEAA9A700CC9125 /* Build configuration list for PBXProject "Scrollview" */;
			compatibilityVersion = "Xcode 3.2";
			developmentRegion = English;
			hasScannedForEncodings = 0;
			knownRegions = (
				en,
				Base,
			);
			mainGroup = F2912E471CEAA9A700CC9125;
			productRefGroup = F2912E511CEAA9A700CC9125 /* Products */;
			projectDirPath = "";
			projectRoot = "";
			targets = (
				F2912E4F1CEAA9A700CC9125 /* Scrollview */,
			);
		};
/* End PBXProject section */

/* Begin PBXResourcesBuildPhase section */
		F2912E4E1CEAA9A700CC9125 /* Resources */ = {
			isa = PBXResourcesBuildPhase;
			buildActionMask = 2147483647;
			files = (
				F2912E5E1CEAA9A700CC9125 /* LaunchScreen.storyboard in Resources */,
				F2912E5B1CEAA9A700CC9125 /* Assets.xcassets in Resources */,
				F2912E591CEAA9A700CC9125 /* Main.storyboard in Resources */,
			);
			runOnlyForDeploymentPostprocessing = 0;
		};
/* End PBXResourcesBuildPhase section */

/* Begin PBXSourcesBuildPhase section */
		F2912E4C1CEAA9A700CC9125 /* Sources */ = {
			isa = PBXSourcesBuildPhase;
			buildActionMask = 2147483647;
			files = (
				F2912E561CEAA9A700CC9125 /* ViewController.swift in Sources */,
				F2912E541CEAA9A700CC9125 /* AppDelegate.swift in Sources */,
			);
			runOnlyForDeploymentPostprocessing = 0;
		};
/* End PBXSourcesBuildPhase section */

/* Begin PBXVariantGroup section */
		F2912E571CEAA9A700CC9125 /* Main.storyboard */ = {
			isa = PBXVariantGroup;
			children = (
				F2912E581CEAA9A700CC9125 /* Base */,
			);
			name = Main.storyboard;
			sourceTree = "<group>";
		};
		F2912E5C1CEAA9A700CC9125 /* LaunchScreen.storyboard */ = {
			isa = PBXVariantGroup;
			children = (
				F2912E5D1CEAA9A700CC9125 /* Base */,
			);
			name = LaunchScreen.storyboard;
			sourceTree = "<group>";
		};
/* End PBXVariantGroup section */

/* Begin XCBuildConfiguration section */
		F2912E601CEAA9A700CC9125 /* Debug */ = {
			isa = XCBuildConfiguration;
			buildSettings = {
				ALWAYS_SEARCH_USER_PATHS = NO;
				CLANG_ANALYZER_NONNULL = YES;
				CLANG_CXX_LANGUAGE_STANDARD = "gnu++0x";
				CLANG_CXX_LIBRARY = "libc++";
				CLANG_ENABLE_MODULES = YES;
				CLANG_ENABLE_OBJC_ARC = YES;
				CLANG_WARN_BOOL_CONVERSION = YES;
				CLANG_WARN_CONSTANT_CONVERSION = YES;
				CLANG_WARN_DIRECT_OBJC_ISA_USAGE = YES_ERROR;
				CLANG_WARN_EMPTY_BODY = YES;
				CLANG_WARN_ENUM_CONVERSION = YES;
				CLANG_WARN_INT_CONVERSION = YES;
				CLANG_WARN_OBJC_ROOT_CLASS = YES_ERROR;
				CLANG_WARN_UNREACHABLE_CODE = YES;
				CLANG_WARN__DUPLICATE_METHOD_MATCH = YES;
				"CODE_SIGN_IDENTITY[sdk=iphoneos*]" = "iPhone Developer";
				COPY_PHASE_STRIP = NO;
				DEBUG_INFORMATION_FORMAT = dwarf;
				ENABLE_STRICT_OBJC_MSGSEND = YES;
				ENABLE_TESTABILITY = YES;
				GCC_C_LANGUAGE_STANDARD = gnu99;
				GCC_DYNAMIC_NO_PIC = NO;
				GCC_NO_COMMON_BLOCKS = YES;
				GCC_OPTIMIZATION_LEVEL = 0;
				GCC_PREPROCESSOR_DEFINITIONS = (
					"DEBUG=1",
					"$(inherited)",
				);
				GCC_WARN_64_TO_32_BIT_CONVERSION = YES;
				GCC_WARN_ABOUT_RETURN_TYPE = YES_ERROR;
				GCC_WARN_UNDECLARED_SELECTOR = YES;
				GCC_WARN_UNINITIALIZED_AUTOS = YES_AGGRESSIVE;
				GCC_WARN_UNUSED_FUNCTION = YES;
				GCC_WARN_UNUSED_VARIABLE = YES;
				IPHONEOS_DEPLOYMENT_TARGET = 9.3;
				MTL_ENABLE_DEBUG_INFO = YES;
				ONLY_ACTIVE_ARCH = YES;
				SDKROOT = iphoneos;
				SWIFT_OPTIMIZATION_LEVEL = "-Onone";
			};
			name = Debug;
		};
		F2912E611CEAA9A700CC9125 /* Release */ = {
			isa = XCBuildConfiguration;
			buildSettings = {
				ALWAYS_SEARCH_USER_PATHS = NO;
				CLANG_ANALYZER_NONNULL = YES;
				CLANG_CXX_LANGUAGE_STANDARD = "gnu++0x";
				CLANG_CXX_LIBRARY = "libc++";
				CLANG_ENABLE_MODULES = YES;
				CLANG_ENABLE_OBJC_ARC = YES;
				CLANG_WARN_BOOL_CONVERSION = YES;
				CLANG_WARN_CONSTANT_CONVERSION = YES;
				CLANG_WARN_DIRECT_OBJC_ISA_USAGE = YES_ERROR;
				CLANG_WARN_EMPTY_BODY = YES;
				CLANG_WARN_ENUM_CONVERSION = YES;
				CLANG_WARN_INT_CONVERSION = YES;
				CLANG_WARN_OBJC_ROOT_CLASS = YES_ERROR;
				CLANG_WARN_UNREACHABLE_CODE = YES;
				CLANG_WARN__DUPLICATE_METHOD_MATCH = YES;
				"CODE_SIGN_IDENTITY[sdk=iphoneos*]" = "iPhone Developer";
				COPY_PHASE_STRIP = NO;
				DEBUG_INFORMATION_FORMAT = "dwarf-with-dsym";
				ENABLE_NS_ASSERTIONS = NO;
				ENABLE_STRICT_OBJC_MSGSEND = YES;
				GCC_C_LANGUAGE_STANDARD = gnu99;
				GCC_NO_COMMON_BLOCKS = YES;
				GCC_WARN_64_TO_32_BIT_CONVERSION = YES;
				GCC_WARN_ABOUT_RETURN_TYPE = YES_ERROR;
				GCC_WARN_UNDECLARED_SELECTOR = YES;
				GCC_WARN_UNINITIALIZED_AUTOS = YES_AGGRESSIVE;
				GCC_WARN_UNUSED_FUNCTION = YES;
				GCC_WARN_UNUSED_VARIABLE = YES;
				IPHONEOS_DEPLOYMENT_TARGET = 9.3;
				MTL_ENABLE_DEBUG_INFO = NO;
				SDKROOT = iphoneos;
				VALIDATE_PRODUCT = YES;
			};
			name = Release;
		};
		F2912E631CEAA9A700CC9125 /* Debug */ = {
			isa = XCBuildConfiguration;
			buildSettings = {
				ASSETCATALOG_COMPILER_APPICON_NAME = AppIcon;
				INFOPLIST_FILE = Scrollview/Info.plist;
				LD_RUNPATH_SEARCH_PATHS = "$(inherited) @executable_path/Frameworks";
				PRODUCT_BUNDLE_IDENTIFIER = com.nanakumi.Scrollview;
				PRODUCT_NAME = "$(TARGET_NAME)";
			};
			name = Debug;
		};
		F2912E641CEAA9A700CC9125 /* Release */ = {
			isa = XCBuildConfiguration;
			buildSettings = {
				ASSETCATALOG_COMPILER_APPICON_NAME = AppIcon;
				INFOPLIST_FILE = Scrollview/Info.plist;
				LD_RUNPATH_SEARCH_PATHS = "$(inherited) @executable_path/Frameworks";
				PRODUCT_BUNDLE_IDENTIFIER = com.nanakumi.Scrollview;
				PRODUCT_NAME = "$(TARGET_NAME)";
			};
			name = Release;
		};
/* End XCBuildConfiguration section */

/* Begin XCConfigurationList section */
		F2912E4B1CEAA9A700CC9125 /* Build configuration list for PBXProject "Scrollview" */ = {
			isa = XCConfigurationList;
			buildConfigurations = (
				F2912E601CEAA9A700CC9125 /* Debug */,
				F2912E611CEAA9A700CC9125 /* Release */,
			);
			defaultConfigurationIsVisible = 0;
			defaultConfigurationName = Release;
		};
		F2912E621CEAA9A700CC9125 /* Build configuration list for PBXNativeTarget "Scrollview" */ = {
			isa = XCConfigurationList;
			buildConfigurations = (
				F2912E631CEAA9A700CC9125 /* Debug */,
				F2912E641CEAA9A700CC9125 /* Release */,
			);
			defaultConfigurationIsVisible = 0;
		};
/* End XCConfigurationList section */
	};
	rootObject = F2912E481CEAA9A700CC9125 /* Project object */;
}
